
Microsoft Visual Studio Solution File, Format Version 12.00
# Visual Studio Version 16
VisualStudioVersion = 16.0.29209.62
MinimumVisualStudioVersion = 10.0.40219.1
Project("{888888A0-9F3D-457C-B088-3A5042F75D52}") = "Pendulum", "Pendulum.pyproj", "{161A9D66-AE03-445E-9179-669B04E12DE1}"
EndProject
Global
	GlobalSection(SolutionConfigurationPlatforms) = preSolution
		Debug|Any CPU = Debug|Any CPU
		Release|Any CPU = Release|Any CPU
	EndGlobalSection
	GlobalSection(ProjectConfigurationPlatforms) = postSolution
		{161A9D66-AE03-445E-9179-669B04E12DE1}.Debug|Any CPU.ActiveCfg = Debug|Any CPU
		{161A9D66-AE03-445E-9179-669B04E12DE1}.Release|Any CPU.ActiveCfg = Release|Any CPU
	EndGlobalSection
	GlobalSection(SolutionProperties) = preSolution
		HideSolutionNode = FALSE
	EndGlobalSection
	GlobalSection(ExtensibilityGlobals) = postSolution
		SolutionGuid = {014BDB2C-776F-46CE-A07A-B3DDD5DD1397}
	EndGlobalSection
EndGlobal
